
Microsoft Visual Studio Solution File, Format Version 12.00
# Visual Studio Version 17
VisualStudioVersion = 17.11.35219.272
MinimumVisualStudioVersion = 10.0.40219.1
Project("{9A19103F-16F7-4668-BE54-9A1E7A4F7556}") = "WpfApp1", "WpfApp1\WpfApp1.csproj", "{4DA6104D-4FBC-438A-A6C5-5C765CCE7B62}"
EndProject
Global
	GlobalSection(SolutionConfigurationPlatforms) = preSolution
		Debug|Any CPU = Debug|Any CPU
		Release|Any CPU = Release|Any CPU
	EndGlobalSection
	GlobalSection(ProjectConfigurationPlatforms) = postSolution
		{4DA6104D-4FBC-438A-A6C5-5C765CCE7B62}.Debug|Any CPU.ActiveCfg = Debug|Any CPU
		{4DA6104D-4FBC-438A-A6C5-5C765CCE7B62}.Debug|Any CPU.Build.0 = Debug|Any CPU
		{4DA6104D-4FBC-438A-A6C5-5C765CCE7B62}.Release|Any CPU.ActiveCfg = Release|Any CPU
		{4DA6104D-4FBC-438A-A6C5-5C765CCE7B62}.Release|Any CPU.Build.0 = Release|Any CPU
	EndGlobalSection
	GlobalSection(SolutionProperties) = preSolution
		HideSolutionNode = FALSE
	EndGlobalSection
	GlobalSection(ExtensibilityGlobals) = postSolution
		SolutionGuid = {97DCBF5D-DB79-403F-8DA6-54A599012EF5}
	EndGlobalSection
EndGlobal
